
Microsoft Visual Studio Solution File, Format Version 12.00
# Visual Studio Version 17
VisualStudioVersion = 17.2.32616.157
MinimumVisualStudioVersion = 10.0.40219.1
Project("{9A19103F-16F7-4668-BE54-9A1E7A4F7556}") = "SecureResource.Service.IdentityServer", "src\SecureResource.Service.IdentityServer.Api\SecureResource.Service.IdentityServer.csproj", "{BA7DB2A5-8BBB-4083-A23D-190FB6FF370F}"
EndProject
Project("{9A19103F-16F7-4668-BE54-9A1E7A4F7556}") = "SecureResource.Service.IdentityServer.Appplication", "src\SecureResource.Service.IdentityServer.Appplication\SecureResource.Service.IdentityServer.Appplication.csproj", "{4DBDC9B4-EE0C-4385-92A8-3ABF9BA19ABE}"
EndProject
Project("{9A19103F-16F7-4668-BE54-9A1E7A4F7556}") = "SecureResource.Service.IdentityServer.Infrastructure", "src\SecureResource.Service.IdentityServer.Infrastructure\SecureResource.Service.IdentityServer.Infrastructure.csproj", "{EF9F9BFD-5BC2-4302-9AE9-E3B5EE757E56}"
EndProject
Global
	GlobalSection(SolutionConfigurationPlatforms) = preSolution
		Debug|Any CPU = Debug|Any CPU
		Release|Any CPU = Release|Any CPU
	EndGlobalSection
	GlobalSection(ProjectConfigurationPlatforms) = postSolution
		{BA7DB2A5-8BBB-4083-A23D-190FB6FF370F}.Debug|Any CPU.ActiveCfg = Debug|Any CPU
		{BA7DB2A5-8BBB-4083-A23D-190FB6FF370F}.Debug|Any CPU.Build.0 = Debug|Any CPU
		{BA7DB2A5-8BBB-4083-A23D-190FB6FF370F}.Release|Any CPU.ActiveCfg = Release|Any CPU
		{BA7DB2A5-8BBB-4083-A23D-190FB6FF370F}.Release|Any CPU.Build.0 = Release|Any CPU
		{4DBDC9B4-EE0C-4385-92A8-3ABF9BA19ABE}.Debug|Any CPU.ActiveCfg = Debug|Any CPU
		{4DBDC9B4-EE0C-4385-92A8-3ABF9BA19ABE}.Debug|Any CPU.Build.0 = Debug|Any CPU
		{4DBDC9B4-EE0C-4385-92A8-3ABF9BA19ABE}.Release|Any CPU.ActiveCfg = Release|Any CPU
		{4DBDC9B4-EE0C-4385-92A8-3ABF9BA19ABE}.Release|Any CPU.Build.0 = Release|Any CPU
		{EF9F9BFD-5BC2-4302-9AE9-E3B5EE757E56}.Debug|Any CPU.ActiveCfg = Debug|Any CPU
		{EF9F9BFD-5BC2-4302-9AE9-E3B5EE757E56}.Debug|Any CPU.Build.0 = Debug|Any CPU
		{EF9F9BFD-5BC2-4302-9AE9-E3B5EE757E56}.Release|Any CPU.ActiveCfg = Release|Any CPU
		{EF9F9BFD-5BC2-4302-9AE9-E3B5EE757E56}.Release|Any CPU.Build.0 = Release|Any CPU
	EndGlobalSection
	GlobalSection(SolutionProperties) = preSolution
		HideSolutionNode = FALSE
	EndGlobalSection
	GlobalSection(ExtensibilityGlobals) = postSolution
		SolutionGuid = {16F62FA4-C9CE-4CCD-B551-2BDFACD87CED}
	EndGlobalSection
EndGlobal
